
Microsoft Visual Studio Solution File, Format Version 12.00
# Visual Studio 2012
Project("{FAE04EC0-301F-11D3-BF4B-00C04F79EFBC}") = "SchemeOLD", "Scheme\SchemeOLD.csproj", "{43066604-1D8B-491A-BF31-D124E9058B64}"
EndProject
Project("{FAE04EC0-301F-11D3-BF4B-00C04F79EFBC}") = "TableClothWork", "TableClothWork\TableClothWork.csproj", "{7326A697-244E-499C-8E1D-4380AC5B99A5}"
EndProject
Project("{FAE04EC0-301F-11D3-BF4B-00C04F79EFBC}") = "TCKernel", "TCKernel\TCKernel.csproj", "{36DA4EC2-A52F-4B28-B3B4-C0E2A3725254}"
EndProject
Project("{FAE04EC0-301F-11D3-BF4B-00C04F79EFBC}") = "TCKernelInterface", "TCKernelInterface\TCKernelInterface.csproj", "{9113E123-8D08-4A20-BA13-4070B145384B}"
EndProject
Project("{FAE04EC0-301F-11D3-BF4B-00C04F79EFBC}") = "TableClothGUI", "TableClothGUI\TableClothGUI.csproj", "{FC033DA0-F1EC-4D86-8590-61A3C6B825EC}"
EndProject
Project("{FAE04EC0-301F-11D3-BF4B-00C04F79EFBC}") = "TestGUI", "TestGUI\TestGUI.csproj", "{EF28A2B3-AE5A-48ED-ADD7-23C01C8610FE}"
EndProject
Project("{FAE04EC0-301F-11D3-BF4B-00C04F79EFBC}") = "CocoSourcesCS", "CocoSourcesCS\CocoSourcesCS.csproj", "{EFA0C233-8DAF-4596-BAAA-470946153411}"
EndProject
Global
	GlobalSection(SolutionConfigurationPlatforms) = preSolution
		Debug|Any CPU = Debug|Any CPU
		Debug|Mixed Platforms = Debug|Mixed Platforms
		Debug|x86 = Debug|x86
		Release|Any CPU = Release|Any CPU
		Release|Mixed Platforms = Release|Mixed Platforms
		Release|x86 = Release|x86
	EndGlobalSection
	GlobalSection(ProjectConfigurationPlatforms) = postSolution
		{43066604-1D8B-491A-BF31-D124E9058B64}.Debug|Any CPU.ActiveCfg = Debug|x86
		{43066604-1D8B-491A-BF31-D124E9058B64}.Debug|Mixed Platforms.ActiveCfg = Debug|x86
		{43066604-1D8B-491A-BF31-D124E9058B64}.Debug|Mixed Platforms.Build.0 = Debug|x86
		{43066604-1D8B-491A-BF31-D124E9058B64}.Debug|x86.ActiveCfg = Debug|x86
		{43066604-1D8B-491A-BF31-D124E9058B64}.Debug|x86.Build.0 = Debug|x86
		{43066604-1D8B-491A-BF31-D124E9058B64}.Release|Any CPU.ActiveCfg = Release|x86
		{43066604-1D8B-491A-BF31-D124E9058B64}.Release|Mixed Platforms.ActiveCfg = Release|x86
		{43066604-1D8B-491A-BF31-D124E9058B64}.Release|Mixed Platforms.Build.0 = Release|x86
		{43066604-1D8B-491A-BF31-D124E9058B64}.Release|x86.ActiveCfg = Release|x86
		{43066604-1D8B-491A-BF31-D124E9058B64}.Release|x86.Build.0 = Release|x86
		{7326A697-244E-499C-8E1D-4380AC5B99A5}.Debug|Any CPU.ActiveCfg = Debug|x86
		{7326A697-244E-499C-8E1D-4380AC5B99A5}.Debug|Mixed Platforms.ActiveCfg = Debug|x86
		{7326A697-244E-499C-8E1D-4380AC5B99A5}.Debug|Mixed Platforms.Build.0 = Debug|x86
		{7326A697-244E-499C-8E1D-4380AC5B99A5}.Debug|x86.ActiveCfg = Debug|x86
		{7326A697-244E-499C-8E1D-4380AC5B99A5}.Debug|x86.Build.0 = Debug|x86
		{7326A697-244E-499C-8E1D-4380AC5B99A5}.Release|Any CPU.ActiveCfg = Release|x86
		{7326A697-244E-499C-8E1D-4380AC5B99A5}.Release|Mixed Platforms.ActiveCfg = Release|x86
		{7326A697-244E-499C-8E1D-4380AC5B99A5}.Release|Mixed Platforms.Build.0 = Release|x86
		{7326A697-244E-499C-8E1D-4380AC5B99A5}.Release|x86.ActiveCfg = Release|x86
		{7326A697-244E-499C-8E1D-4380AC5B99A5}.Release|x86.Build.0 = Release|x86
		{36DA4EC2-A52F-4B28-B3B4-C0E2A3725254}.Debug|Any CPU.ActiveCfg = Debug|Any CPU
		{36DA4EC2-A52F-4B28-B3B4-C0E2A3725254}.Debug|Any CPU.Build.0 = Debug|Any CPU
		{36DA4EC2-A52F-4B28-B3B4-C0E2A3725254}.Debug|Mixed Platforms.ActiveCfg = Debug|Any CPU
		{36DA4EC2-A52F-4B28-B3B4-C0E2A3725254}.Debug|Mixed Platforms.Build.0 = Debug|Any CPU
		{36DA4EC2-A52F-4B28-B3B4-C0E2A3725254}.Debug|x86.ActiveCfg = Debug|Any CPU
		{36DA4EC2-A52F-4B28-B3B4-C0E2A3725254}.Release|Any CPU.ActiveCfg = Release|Any CPU
		{36DA4EC2-A52F-4B28-B3B4-C0E2A3725254}.Release|Any CPU.Build.0 = Release|Any CPU
		{36DA4EC2-A52F-4B28-B3B4-C0E2A3725254}.Release|Mixed Platforms.ActiveCfg = Release|Any CPU
		{36DA4EC2-A52F-4B28-B3B4-C0E2A3725254}.Release|Mixed Platforms.Build.0 = Release|Any CPU
		{36DA4EC2-A52F-4B28-B3B4-C0E2A3725254}.Release|x86.ActiveCfg = Release|Any CPU
		{9113E123-8D08-4A20-BA13-4070B145384B}.Debug|Any CPU.ActiveCfg = Debug|x86
		{9113E123-8D08-4A20-BA13-4070B145384B}.Debug|Mixed Platforms.ActiveCfg = Debug|x86
		{9113E123-8D08-4A20-BA13-4070B145384B}.Debug|Mixed Platforms.Build.0 = Debug|x86
		{9113E123-8D08-4A20-BA13-4070B145384B}.Debug|x86.ActiveCfg = Debug|x86
		{9113E123-8D08-4A20-BA13-4070B145384B}.Debug|x86.Build.0 = Debug|x86
		{9113E123-8D08-4A20-BA13-4070B145384B}.Release|Any CPU.ActiveCfg = Release|x86
		{9113E123-8D08-4A20-BA13-4070B145384B}.Release|Mixed Platforms.ActiveCfg = Release|x86
		{9113E123-8D08-4A20-BA13-4070B145384B}.Release|Mixed Platforms.Build.0 = Release|x86
		{9113E123-8D08-4A20-BA13-4070B145384B}.Release|x86.ActiveCfg = Release|x86
		{9113E123-8D08-4A20-BA13-4070B145384B}.Release|x86.Build.0 = Release|x86
		{FC033DA0-F1EC-4D86-8590-61A3C6B825EC}.Debug|Any CPU.ActiveCfg = Debug|x86
		{FC033DA0-F1EC-4D86-8590-61A3C6B825EC}.Debug|Mixed Platforms.ActiveCfg = Debug|x86
		{FC033DA0-F1EC-4D86-8590-61A3C6B825EC}.Debug|Mixed Platforms.Build.0 = Debug|x86
		{FC033DA0-F1EC-4D86-8590-61A3C6B825EC}.Debug|x86.ActiveCfg = Debug|x86
		{FC033DA0-F1EC-4D86-8590-61A3C6B825EC}.Debug|x86.Build.0 = Debug|x86
		{FC033DA0-F1EC-4D86-8590-61A3C6B825EC}.Release|Any CPU.ActiveCfg = Release|x86
		{FC033DA0-F1EC-4D86-8590-61A3C6B825EC}.Release|Mixed Platforms.ActiveCfg = Release|x86
		{FC033DA0-F1EC-4D86-8590-61A3C6B825EC}.Release|Mixed Platforms.Build.0 = Release|x86
		{FC033DA0-F1EC-4D86-8590-61A3C6B825EC}.Release|x86.ActiveCfg = Release|x86
		{FC033DA0-F1EC-4D86-8590-61A3C6B825EC}.Release|x86.Build.0 = Release|x86
		{EF28A2B3-AE5A-48ED-ADD7-23C01C8610FE}.Debug|Any CPU.ActiveCfg = Debug|x86
		{EF28A2B3-AE5A-48ED-ADD7-23C01C8610FE}.Debug|Mixed Platforms.ActiveCfg = Debug|x86
		{EF28A2B3-AE5A-48ED-ADD7-23C01C8610FE}.Debug|Mixed Platforms.Build.0 = Debug|x86
		{EF28A2B3-AE5A-48ED-ADD7-23C01C8610FE}.Debug|x86.ActiveCfg = Debug|x86
		{EF28A2B3-AE5A-48ED-ADD7-23C01C8610FE}.Debug|x86.Build.0 = Debug|x86
		{EF28A2B3-AE5A-48ED-ADD7-23C01C8610FE}.Release|Any CPU.ActiveCfg = Release|x86
		{EF28A2B3-AE5A-48ED-ADD7-23C01C8610FE}.Release|Mixed Platforms.ActiveCfg = Release|x86
		{EF28A2B3-AE5A-48ED-ADD7-23C01C8610FE}.Release|Mixed Platforms.Build.0 = Release|x86
		{EF28A2B3-AE5A-48ED-ADD7-23C01C8610FE}.Release|x86.ActiveCfg = Release|x86
		{EF28A2B3-AE5A-48ED-ADD7-23C01C8610FE}.Release|x86.Build.0 = Release|x86
		{EFA0C233-8DAF-4596-BAAA-470946153411}.Debug|Any CPU.ActiveCfg = Debug|Any CPU
		{EFA0C233-8DAF-4596-BAAA-470946153411}.Debug|Any CPU.Build.0 = Debug|Any CPU
		{EFA0C233-8DAF-4596-BAAA-470946153411}.Debug|Mixed Platforms.ActiveCfg = Debug|Any CPU
		{EFA0C233-8DAF-4596-BAAA-470946153411}.Debug|Mixed Platforms.Build.0 = Debug|Any CPU
		{EFA0C233-8DAF-4596-BAAA-470946153411}.Debug|x86.ActiveCfg = Debug|Any CPU
		{EFA0C233-8DAF-4596-BAAA-470946153411}.Release|Any CPU.ActiveCfg = Release|Any CPU
		{EFA0C233-8DAF-4596-BAAA-470946153411}.Release|Any CPU.Build.0 = Release|Any CPU
		{EFA0C233-8DAF-4596-BAAA-470946153411}.Release|Mixed Platforms.ActiveCfg = Release|Any CPU
		{EFA0C233-8DAF-4596-BAAA-470946153411}.Release|Mixed Platforms.Build.0 = Release|Any CPU
		{EFA0C233-8DAF-4596-BAAA-470946153411}.Release|x86.ActiveCfg = Release|Any CPU
	EndGlobalSection
	GlobalSection(SolutionProperties) = preSolution
		HideSolutionNode = FALSE
	EndGlobalSection
EndGlobal
