
Microsoft Visual Studio Solution File, Format Version 12.00
# Visual Studio 14
VisualStudioVersion = 14.0.24720.0
MinimumVisualStudioVersion = 10.0.40219.1
Project("{FAE04EC0-301F-11D3-BF4B-00C04F79EFBC}") = "TCKernel", "TCKernel\TCKernel.csproj", "{36DA4EC2-A52F-4B28-B3B4-C0E2A3725254}"
EndProject
Project("{FAE04EC0-301F-11D3-BF4B-00C04F79EFBC}") = "TCKernelInterface", "TCKernelInterface\TCKernelInterface.csproj", "{9113E123-8D08-4A20-BA13-4070B145384B}"
EndProject
Project("{FAE04EC0-301F-11D3-BF4B-00C04F79EFBC}") = "CocoSourcesCS", "CocoSourcesCS\CocoSourcesCS.csproj", "{EFA0C233-8DAF-4596-BAAA-470946153411}"
EndProject
Project("{FAE04EC0-301F-11D3-BF4B-00C04F79EFBC}") = "TCKernelTests", "TCKernelTests\TCKernelTests.csproj", "{8F531F03-35A3-465D-AF39-4F00E3590D80}"
EndProject
Project("{FAE04EC0-301F-11D3-BF4B-00C04F79EFBC}") = "TableClothWorkWPF", "TableClothWorkWPF\TableClothWorkWPF.csproj", "{38A4C19C-2948-4F97-82DA-CD788791416A}"
EndProject
Global
	GlobalSection(SolutionConfigurationPlatforms) = preSolution
		Debug|Any CPU = Debug|Any CPU
		Debug|Mixed Platforms = Debug|Mixed Platforms
		Debug|x86 = Debug|x86
		Release|Any CPU = Release|Any CPU
		Release|Mixed Platforms = Release|Mixed Platforms
		Release|x86 = Release|x86
	EndGlobalSection
	GlobalSection(ProjectConfigurationPlatforms) = postSolution
		{36DA4EC2-A52F-4B28-B3B4-C0E2A3725254}.Debug|Any CPU.ActiveCfg = Debug|Any CPU
		{36DA4EC2-A52F-4B28-B3B4-C0E2A3725254}.Debug|Any CPU.Build.0 = Debug|Any CPU
		{36DA4EC2-A52F-4B28-B3B4-C0E2A3725254}.Debug|Mixed Platforms.ActiveCfg = Debug|Any CPU
		{36DA4EC2-A52F-4B28-B3B4-C0E2A3725254}.Debug|Mixed Platforms.Build.0 = Debug|Any CPU
		{36DA4EC2-A52F-4B28-B3B4-C0E2A3725254}.Debug|x86.ActiveCfg = Debug|Any CPU
		{36DA4EC2-A52F-4B28-B3B4-C0E2A3725254}.Release|Any CPU.ActiveCfg = Release|Any CPU
		{36DA4EC2-A52F-4B28-B3B4-C0E2A3725254}.Release|Any CPU.Build.0 = Release|Any CPU
		{36DA4EC2-A52F-4B28-B3B4-C0E2A3725254}.Release|Mixed Platforms.ActiveCfg = Release|Any CPU
		{36DA4EC2-A52F-4B28-B3B4-C0E2A3725254}.Release|Mixed Platforms.Build.0 = Release|Any CPU
		{36DA4EC2-A52F-4B28-B3B4-C0E2A3725254}.Release|x86.ActiveCfg = Release|Any CPU
		{9113E123-8D08-4A20-BA13-4070B145384B}.Debug|Any CPU.ActiveCfg = Debug|x86
		{9113E123-8D08-4A20-BA13-4070B145384B}.Debug|Mixed Platforms.ActiveCfg = Debug|x86
		{9113E123-8D08-4A20-BA13-4070B145384B}.Debug|Mixed Platforms.Build.0 = Debug|x86
		{9113E123-8D08-4A20-BA13-4070B145384B}.Debug|x86.ActiveCfg = Debug|x86
		{9113E123-8D08-4A20-BA13-4070B145384B}.Debug|x86.Build.0 = Debug|x86
		{9113E123-8D08-4A20-BA13-4070B145384B}.Release|Any CPU.ActiveCfg = Release|x86
		{9113E123-8D08-4A20-BA13-4070B145384B}.Release|Mixed Platforms.ActiveCfg = Release|x86
		{9113E123-8D08-4A20-BA13-4070B145384B}.Release|Mixed Platforms.Build.0 = Release|x86
		{9113E123-8D08-4A20-BA13-4070B145384B}.Release|x86.ActiveCfg = Release|x86
		{9113E123-8D08-4A20-BA13-4070B145384B}.Release|x86.Build.0 = Release|x86
		{EFA0C233-8DAF-4596-BAAA-470946153411}.Debug|Any CPU.ActiveCfg = Debug|Any CPU
		{EFA0C233-8DAF-4596-BAAA-470946153411}.Debug|Any CPU.Build.0 = Debug|Any CPU
		{EFA0C233-8DAF-4596-BAAA-470946153411}.Debug|Mixed Platforms.ActiveCfg = Debug|Any CPU
		{EFA0C233-8DAF-4596-BAAA-470946153411}.Debug|Mixed Platforms.Build.0 = Debug|Any CPU
		{EFA0C233-8DAF-4596-BAAA-470946153411}.Debug|x86.ActiveCfg = Debug|Any CPU
		{EFA0C233-8DAF-4596-BAAA-470946153411}.Release|Any CPU.ActiveCfg = Release|Any CPU
		{EFA0C233-8DAF-4596-BAAA-470946153411}.Release|Any CPU.Build.0 = Release|Any CPU
		{EFA0C233-8DAF-4596-BAAA-470946153411}.Release|Mixed Platforms.ActiveCfg = Release|Any CPU
		{EFA0C233-8DAF-4596-BAAA-470946153411}.Release|Mixed Platforms.Build.0 = Release|Any CPU
		{EFA0C233-8DAF-4596-BAAA-470946153411}.Release|x86.ActiveCfg = Release|Any CPU
		{8F531F03-35A3-465D-AF39-4F00E3590D80}.Debug|Any CPU.ActiveCfg = Debug|Any CPU
		{8F531F03-35A3-465D-AF39-4F00E3590D80}.Debug|Any CPU.Build.0 = Debug|Any CPU
		{8F531F03-35A3-465D-AF39-4F00E3590D80}.Debug|Mixed Platforms.ActiveCfg = Debug|Any CPU
		{8F531F03-35A3-465D-AF39-4F00E3590D80}.Debug|Mixed Platforms.Build.0 = Debug|Any CPU
		{8F531F03-35A3-465D-AF39-4F00E3590D80}.Debug|x86.ActiveCfg = Debug|Any CPU
		{8F531F03-35A3-465D-AF39-4F00E3590D80}.Release|Any CPU.ActiveCfg = Release|Any CPU
		{8F531F03-35A3-465D-AF39-4F00E3590D80}.Release|Any CPU.Build.0 = Release|Any CPU
		{8F531F03-35A3-465D-AF39-4F00E3590D80}.Release|Mixed Platforms.ActiveCfg = Release|Any CPU
		{8F531F03-35A3-465D-AF39-4F00E3590D80}.Release|Mixed Platforms.Build.0 = Release|Any CPU
		{8F531F03-35A3-465D-AF39-4F00E3590D80}.Release|x86.ActiveCfg = Release|Any CPU
		{38A4C19C-2948-4F97-82DA-CD788791416A}.Debug|Any CPU.ActiveCfg = Debug|Any CPU
		{38A4C19C-2948-4F97-82DA-CD788791416A}.Debug|Any CPU.Build.0 = Debug|Any CPU
		{38A4C19C-2948-4F97-82DA-CD788791416A}.Debug|Mixed Platforms.ActiveCfg = Debug|Any CPU
		{38A4C19C-2948-4F97-82DA-CD788791416A}.Debug|Mixed Platforms.Build.0 = Debug|Any CPU
		{38A4C19C-2948-4F97-82DA-CD788791416A}.Debug|x86.ActiveCfg = Debug|Any CPU
		{38A4C19C-2948-4F97-82DA-CD788791416A}.Release|Any CPU.ActiveCfg = Release|Any CPU
		{38A4C19C-2948-4F97-82DA-CD788791416A}.Release|Any CPU.Build.0 = Release|Any CPU
		{38A4C19C-2948-4F97-82DA-CD788791416A}.Release|Mixed Platforms.ActiveCfg = Release|Any CPU
		{38A4C19C-2948-4F97-82DA-CD788791416A}.Release|Mixed Platforms.Build.0 = Release|Any CPU
		{38A4C19C-2948-4F97-82DA-CD788791416A}.Release|x86.ActiveCfg = Release|Any CPU
	EndGlobalSection
	GlobalSection(SolutionProperties) = preSolution
		HideSolutionNode = FALSE
	EndGlobalSection
EndGlobal
